
Microsoft Visual Studio Solution File, Format Version 12.00
# Visual Studio Version 17
VisualStudioVersion = 17.7.34031.279
MinimumVisualStudioVersion = 10.0.40219.1
Project("{9A19103F-16F7-4668-BE54-9A1E7A4F7556}") = "Ntk2023.Web", "Ntk2023.Web\Ntk2023.Web.csproj", "{D439E14C-8706-409F-9616-FBD8E84A7838}"
EndProject
Project("{9A19103F-16F7-4668-BE54-9A1E7A4F7556}") = "Ntk2023.Api", "Ntk2023.Api\Ntk2023.Api.csproj", "{39E7106B-0CA2-430E-9B35-233BF9E89682}"
EndProject
Project("{E53339B2-1760-4266-BCC7-CA923CBCF16C}") = "docker-compose", "docker-compose.dcproj", "{48DAF060-87A7-44D9-9A71-4DDBCAC8B533}"
EndProject
Global
	GlobalSection(SolutionConfigurationPlatforms) = preSolution
		Debug|Any CPU = Debug|Any CPU
		Release|Any CPU = Release|Any CPU
	EndGlobalSection
	GlobalSection(ProjectConfigurationPlatforms) = postSolution
		{D439E14C-8706-409F-9616-FBD8E84A7838}.Debug|Any CPU.ActiveCfg = Debug|Any CPU
		{D439E14C-8706-409F-9616-FBD8E84A7838}.Debug|Any CPU.Build.0 = Debug|Any CPU
		{D439E14C-8706-409F-9616-FBD8E84A7838}.Release|Any CPU.ActiveCfg = Release|Any CPU
		{D439E14C-8706-409F-9616-FBD8E84A7838}.Release|Any CPU.Build.0 = Release|Any CPU
		{39E7106B-0CA2-430E-9B35-233BF9E89682}.Debug|Any CPU.ActiveCfg = Debug|Any CPU
		{39E7106B-0CA2-430E-9B35-233BF9E89682}.Debug|Any CPU.Build.0 = Debug|Any CPU
		{39E7106B-0CA2-430E-9B35-233BF9E89682}.Release|Any CPU.ActiveCfg = Release|Any CPU
		{39E7106B-0CA2-430E-9B35-233BF9E89682}.Release|Any CPU.Build.0 = Release|Any CPU
		{48DAF060-87A7-44D9-9A71-4DDBCAC8B533}.Debug|Any CPU.ActiveCfg = Debug|Any CPU
		{48DAF060-87A7-44D9-9A71-4DDBCAC8B533}.Debug|Any CPU.Build.0 = Debug|Any CPU
		{48DAF060-87A7-44D9-9A71-4DDBCAC8B533}.Release|Any CPU.ActiveCfg = Release|Any CPU
		{48DAF060-87A7-44D9-9A71-4DDBCAC8B533}.Release|Any CPU.Build.0 = Release|Any CPU
	EndGlobalSection
	GlobalSection(SolutionProperties) = preSolution
		HideSolutionNode = FALSE
	EndGlobalSection
	GlobalSection(ExtensibilityGlobals) = postSolution
		SolutionGuid = {AA87A1AC-B46F-4CD8-82C9-C9A122FAF220}
	EndGlobalSection
EndGlobal
